
Microsoft Visual Studio Solution File, Format Version 12.00
Project("{FAE04EC0-301F-11D3-BF4B-00C04F79EFBC}") = "ParallelProgramming", "ParallelProgramming.csproj", "{F41F9E0E-BDD5-4052-89C3-435008EEB760}"
EndProject
Global
	GlobalSection(SolutionConfigurationPlatforms) = preSolution
		Debug|Any CPU = Debug|Any CPU
		Release|Any CPU = Release|Any CPU
	EndGlobalSection
	GlobalSection(ProjectConfigurationPlatforms) = postSolution
		{F41F9E0E-BDD5-4052-89C3-435008EEB760}.Debug|Any CPU.ActiveCfg = Debug|Any CPU
		{F41F9E0E-BDD5-4052-89C3-435008EEB760}.Debug|Any CPU.Build.0 = Debug|Any CPU
		{F41F9E0E-BDD5-4052-89C3-435008EEB760}.Release|Any CPU.ActiveCfg = Release|Any CPU
		{F41F9E0E-BDD5-4052-89C3-435008EEB760}.Release|Any CPU.Build.0 = Release|Any CPU
	EndGlobalSection
EndGlobal
